
Microsoft Visual Studio Solution File, Format Version 12.00
# Visual Studio Version 17
VisualStudioVersion = 17.7.34024.191
MinimumVisualStudioVersion = 10.0.40219.1
Project("{FAE04EC0-301F-11D3-BF4B-00C04F79EFBC}") = "Basic-Connectivity", "Basic-Connectivity\Basic-Connectivity.csproj", "{7246FFE2-6640-487A-9733-6F5E880F799D}"
EndProject
Global
	GlobalSection(SolutionConfigurationPlatforms) = preSolution
		Debug|Any CPU = Debug|Any CPU
		Release|Any CPU = Release|Any CPU
	EndGlobalSection
	GlobalSection(ProjectConfigurationPlatforms) = postSolution
		{7246FFE2-6640-487A-9733-6F5E880F799D}.Debug|Any CPU.ActiveCfg = Debug|Any CPU
		{7246FFE2-6640-487A-9733-6F5E880F799D}.Debug|Any CPU.Build.0 = Debug|Any CPU
		{7246FFE2-6640-487A-9733-6F5E880F799D}.Release|Any CPU.ActiveCfg = Release|Any CPU
		{7246FFE2-6640-487A-9733-6F5E880F799D}.Release|Any CPU.Build.0 = Release|Any CPU
	EndGlobalSection
	GlobalSection(SolutionProperties) = preSolution
		HideSolutionNode = FALSE
	EndGlobalSection
	GlobalSection(ExtensibilityGlobals) = postSolution
		SolutionGuid = {3AD199F4-424D-4CA3-83D9-81E3ABDF271A}
	EndGlobalSection
EndGlobal
